<?xml version="1.0" encoding="utf-8"?>
<Project ToolsVersion="4.0" xmlns="http://schemas.microsoft.com/developer/msbuild/2003">
  <ItemGroup>
    <Filter Include="Source Files">
      <UniqueIdentifier>{4FC737F1-C7A5-4376-A066-2A32D752A2FF}</UniqueIdentifier>
      <Extensions>cpp;c;cc;cxx;def;odl;idl;hpj;bat;asm;asmx</Extensions>
    </Filter>
    <Filter Include="Header Files">
      <UniqueIdentifier>{93995380-89BD-4b04-88EB-625FBE52EBFB}</UniqueIdentifier>
      <Extensions>h;hh;hpp;hxx;hm;inl;inc;xsd</Extensions>
    </Filter>
    <Filter Include="Resource Files">
      <UniqueIdentifier>{67DA6AB6-F800-4c08-8B7A-83BB121AAD01}</UniqueIdentifier>
      <Extensions>rc;ico;cur;bmp;dlg;rc2;rct;bin;rgs;gif;jpg;jpeg;jpe;resx;tiff;tif;png;wav;mfcribbon-ms</Extensions>
    </Filter>
  </ItemGroup>
  <ItemGroup>
    <ClInclude Include="Catch.h">
      <Filter>Header Files</Filter>
    </ClInclude>
    <ClInclude Include="easylogging++.h">
      <Filter>Header Files</Filter>
    </ClInclude>
    <ClInclude Include="logging.h">
      <Filter>Header Files</Filter>
    </ClInclude>
    <ClInclude Include="imaging\bitmap.h">
      <Filter>Header Files</Filter>
    </ClInclude>
    <ClInclude Include="imaging\bmp-format.h">
      <Filter>Header Files</Filter>
    </ClInclude>
    <ClInclude Include="imaging\color.h">
      <Filter>Header Files</Filter>
    </ClInclude>
    <ClInclude Include="util\array.h">
      <Filter>Header Files</Filter>
    </ClInclude>
    <ClInclude Include="util\grid.h">
      <Filter>Header Files</Filter>
    </ClInclude>
    <ClInclude Include="util\position.h">
      <Filter>Header Files</Filter>
    </ClInclude>
    <ClInclude Include="util\tagged.h">
      <Filter>Header Files</Filter>
    </ClInclude>
    <ClInclude Include="shell\command-line-parser.h">
      <Filter>Header Files</Filter>
    </ClInclude>
    <ClInclude Include="util\check-size.h">
      <Filter>Header Files</Filter>
    </ClInclude>
    <ClInclude Include="tests\tests-util.h">
      <Filter>Header Files</Filter>
    </ClInclude>
    <ClInclude Include="io\endianness.h">
      <Filter>Header Files</Filter>
    </ClInclude>
    <ClInclude Include="io\read.h">
      <Filter>Header Files</Filter>
    </ClInclude>
    <ClInclude Include="io\vli.h">
      <Filter>Header Files</Filter>
    </ClInclude>
    <ClInclude Include="midi\primitives.h">
      <Filter>Header Files</Filter>
    </ClInclude>
    <ClInclude Include="midi\midi.h">
      <Filter>Header Files</Filter>
    </ClInclude>
  </ItemGroup>
  <ItemGroup>
    <ClCompile Include="app.cpp">
      <Filter>Source Files</Filter>
    </ClCompile>
    <ClCompile Include="easylogging++.cpp">
      <Filter>Source Files</Filter>
    </ClCompile>
    <ClCompile Include="logging.cpp">
      <Filter>Source Files</Filter>
    </ClCompile>
    <ClCompile Include="imaging\bitmap.cpp">
      <Filter>Source Files</Filter>
    </ClCompile>
    <ClCompile Include="imaging\bmp-format.cpp">
      <Filter>Source Files</Filter>
    </ClCompile>
    <ClCompile Include="imaging\color.cpp">
      <Filter>Source Files</Filter>
    </ClCompile>
    <ClCompile Include="tests\tests.cpp">
      <Filter>Source Files</Filter>
    </ClCompile>
    <ClCompile Include="shell\command-line-parser.cpp">
      <Filter>Source Files</Filter>
    </ClCompile>
    <ClCompile Include="tests\01-io\01-endianness-tests.cpp">
      <Filter>Source Files</Filter>
    </ClCompile>
    <ClCompile Include="io\endianness.cpp">
      <Filter>Source Files</Filter>
    </ClCompile>
    <ClCompile Include="tests\01-io\02-read-to-tests.cpp">
      <Filter>Source Files</Filter>
    </ClCompile>
    <ClCompile Include="tests\01-io\03-read-tests.cpp">
      <Filter>Source Files</Filter>
    </ClCompile>
    <ClCompile Include="tests\01-io\04-read-array-tests.cpp">
      <Filter>Source Files</Filter>
    </ClCompile>
    <ClCompile Include="tests\01-io\05-read-variable-length-integer-tests.cpp">
      <Filter>Source Files</Filter>
    </ClCompile>
    <ClCompile Include="io\vli.cpp">
      <Filter>Source Files</Filter>
    </ClCompile>
    <ClCompile Include="midi\primitives.cpp">
      <Filter>Source Files</Filter>
    </ClCompile>
    <ClCompile Include="midi\midi.cpp">
      <Filter>Source Files</Filter>
    </ClCompile>
    <ClCompile Include="tests\02-midi\01-primitives\05-time-tests.cpp">
      <Filter>Source Files</Filter>
    </ClCompile>
    <ClCompile Include="tests\02-midi\01-primitives\01-channel-tests.cpp">
      <Filter>Source Files</Filter>
    </ClCompile>
    <ClCompile Include="tests\02-midi\01-primitives\02-channel-show-tests.cpp">
      <Filter>Source Files</Filter>
    </ClCompile>
    <ClCompile Include="tests\02-midi\01-primitives\03-instruments-tests.cpp">
      <Filter>Source Files</Filter>
    </ClCompile>
    <ClCompile Include="tests\02-midi\01-primitives\04-note-number-tests.cpp">
      <Filter>Source Files</Filter>
    </ClCompile>
    <ClCompile Include="tests\02-midi\02-chunk-headers\01-chunk-header-tests.cpp">
      <Filter>Source Files</Filter>
    </ClCompile>
    <ClCompile Include="tests\02-midi\02-chunk-headers\02-read-chunk-header-tests.cpp">
      <Filter>Source Files</Filter>
    </ClCompile>
    <ClCompile Include="tests\02-midi\02-chunk-headers\03-header-id-tests.cpp">
      <Filter>Source Files</Filter>
    </ClCompile>
    <ClCompile Include="imaging\visualisation.cpp">
      <Filter>Source Files</Filter>
    </ClCompile>
  </ItemGroup>
</Project>